
Microsoft Visual Studio Solution File, Format Version 12.00
# Visual Studio Version 17
VisualStudioVersion = 17.14.36429.23 d17.14
MinimumVisualStudioVersion = 10.0.40219.1
Project("{FAE04EC0-301F-11D3-BF4B-00C04F79EFBC}") = "DataAccess", "DataAccess\DataAccess.csproj", "{48AD9EAF-BDE8-4466-A968-AC7371BDD437}"
EndProject
Project("{FAE04EC0-301F-11D3-BF4B-00C04F79EFBC}") = "Presentation", "Presentation\Presentation.csproj", "{C7FADCE8-C37B-4917-9DB6-1C83AC354F76}"
EndProject
Project("{FAE04EC0-301F-11D3-BF4B-00C04F79EFBC}") = "Business", "Business\Business.csproj", "{54761BB2-86AA-4FD8-BCE7-3490C47F8DB3}"
EndProject
Global
	GlobalSection(SolutionConfigurationPlatforms) = preSolution
		Debug|Any CPU = Debug|Any CPU
		Release|Any CPU = Release|Any CPU
	EndGlobalSection
	GlobalSection(ProjectConfigurationPlatforms) = postSolution
		{48AD9EAF-BDE8-4466-A968-AC7371BDD437}.Debug|Any CPU.ActiveCfg = Debug|Any CPU
		{48AD9EAF-BDE8-4466-A968-AC7371BDD437}.Debug|Any CPU.Build.0 = Debug|Any CPU
		{48AD9EAF-BDE8-4466-A968-AC7371BDD437}.Release|Any CPU.ActiveCfg = Release|Any CPU
		{48AD9EAF-BDE8-4466-A968-AC7371BDD437}.Release|Any CPU.Build.0 = Release|Any CPU
		{C7FADCE8-C37B-4917-9DB6-1C83AC354F76}.Debug|Any CPU.ActiveCfg = Debug|Any CPU
		{C7FADCE8-C37B-4917-9DB6-1C83AC354F76}.Debug|Any CPU.Build.0 = Debug|Any CPU
		{C7FADCE8-C37B-4917-9DB6-1C83AC354F76}.Release|Any CPU.ActiveCfg = Release|Any CPU
		{C7FADCE8-C37B-4917-9DB6-1C83AC354F76}.Release|Any CPU.Build.0 = Release|Any CPU
		{54761BB2-86AA-4FD8-BCE7-3490C47F8DB3}.Debug|Any CPU.ActiveCfg = Debug|Any CPU
		{54761BB2-86AA-4FD8-BCE7-3490C47F8DB3}.Debug|Any CPU.Build.0 = Debug|Any CPU
		{54761BB2-86AA-4FD8-BCE7-3490C47F8DB3}.Release|Any CPU.ActiveCfg = Release|Any CPU
		{54761BB2-86AA-4FD8-BCE7-3490C47F8DB3}.Release|Any CPU.Build.0 = Release|Any CPU
	EndGlobalSection
	GlobalSection(SolutionProperties) = preSolution
		HideSolutionNode = FALSE
	EndGlobalSection
	GlobalSection(ExtensibilityGlobals) = postSolution
		SolutionGuid = {D3FC863F-A843-47D6-9B6F-02A5D11C1F95}
	EndGlobalSection
EndGlobal
